
Microsoft Visual Studio Solution File, Format Version 12.00
# Visual Studio Version 16
VisualStudioVersion = 16.0.33927.289
MinimumVisualStudioVersion = 10.0.40219.1
Project("{FAE04EC0-301F-11D3-BF4B-00C04F79EFBC}") = "LibraryManagement1", "LibraryManagement1\LibraryManagement1.csproj", "{B5D2AA7A-2E3C-44B8-8C14-1E1E4E7B5D6A}"
EndProject
Global
	GlobalSection(SolutionConfigurationPlatforms) = preSolution
		Debug|Any CPU = Debug|Any CPU
		Release|Any CPU = Release|Any CPU
	EndGlobalSection
	GlobalSection(ProjectConfigurationPlatforms) = postSolution
		{B5D2AA7A-2E3C-44B8-8C14-1E1E4E7B5D6A}.Debug|Any CPU.ActiveCfg = Debug|Any CPU
		{B5D2AA7A-2E3C-44B8-8C14-1E1E4E7B5D6A}.Debug|Any CPU.Build.0 = Debug|Any CPU
		{B5D2AA7A-2E3C-44B8-8C14-1E1E4E7B5D6A}.Release|Any CPU.ActiveCfg = Release|Any CPU
		{B5D2AA7A-2E3C-44B8-8C14-1E1E4E7B5D6A}.Release|Any CPU.Build.0 = Release|Any CPU
	EndGlobalSection
	GlobalSection(SolutionProperties) = preSolution
		HideSolutionNode = FALSE
	EndGlobalSection
	GlobalSection(ExtensibilityGlobals) = postSolution
		SolutionGuid = {488A71B5-E65D-4325-9740-A4DFB02DE977}
	EndGlobalSection
EndGlobal
